# This file is automatically @generated by Cargo.
# It is not intended for manual editing.
[[package]]
name = "bzip2"
version = "0.3.3"
source = "registry+https://github.com/rust-lang/crates.io-index"
dependencies = [
 "bzip2-sys 0.1.7 (registry+https://github.com/rust-lang/crates.io-index)",
 "libc 0.2.55 (registry+https://github.com/rust-lang/crates.io-index)",
]

[[package]]
name = "bzip2-sys"
version = "0.1.7"
source = "registry+https://github.com/rust-lang/crates.io-index"
dependencies = [
 "cc 1.0.37 (registry+https://github.com/rust-lang/crates.io-index)",
 "libc 0.2.55 (registry+https://github.com/rust-lang/crates.io-index)",
]

[[package]]
name = "cc"
version = "1.0.37"
source = "registry+https://github.com/rust-lang/crates.io-index"

[[package]]
name = "cfg-if"
version = "0.1.9"
source = "registry+https://github.com/rust-lang/crates.io-index"

[[package]]
name = "detector_char_classes"
version = "0.1.0"
dependencies = [
 "encoding_rs 0.8.17 (registry+https://github.com/rust-lang/crates.io-index)",
]

[[package]]
name = "detone"
version = "1.0.0"
source = "registry+https://github.com/rust-lang/crates.io-index"

[[package]]
name = "encoding_rs"
version = "0.8.17"
source = "registry+https://github.com/rust-lang/crates.io-index"
dependencies = [
 "cfg-if 0.1.9 (registry+https://github.com/rust-lang/crates.io-index)",
]

[[package]]
name = "libc"
version = "0.2.55"
source = "registry+https://github.com/rust-lang/crates.io-index"

[[package]]
name = "traindet"
version = "0.1.0"
dependencies = [
 "bzip2 0.3.3 (registry+https://github.com/rust-lang/crates.io-index)",
 "detector_char_classes 0.1.0",
 "detone 1.0.0 (registry+https://github.com/rust-lang/crates.io-index)",
 "encoding_rs 0.8.17 (registry+https://github.com/rust-lang/crates.io-index)",
 "unic-normal 0.9.0 (registry+https://github.com/rust-lang/crates.io-index)",
 "unicode_reader 0.1.1 (registry+https://github.com/rust-lang/crates.io-index)",
 "utf8reader 0.1.0 (registry+https://github.com/rust-lang/crates.io-index)",
]

[[package]]
name = "unic-char-property"
version = "0.9.0"
source = "registry+https://github.com/rust-lang/crates.io-index"
dependencies = [
 "unic-char-range 0.9.0 (registry+https://github.com/rust-lang/crates.io-index)",
]

[[package]]
name = "unic-char-range"
version = "0.9.0"
source = "registry+https://github.com/rust-lang/crates.io-index"

[[package]]
name = "unic-common"
version = "0.9.0"
source = "registry+https://github.com/rust-lang/crates.io-index"

[[package]]
name = "unic-normal"
version = "0.9.0"
source = "registry+https://github.com/rust-lang/crates.io-index"
dependencies = [
 "unic-ucd-normal 0.9.0 (registry+https://github.com/rust-lang/crates.io-index)",
]

[[package]]
name = "unic-ucd-hangul"
version = "0.9.0"
source = "registry+https://github.com/rust-lang/crates.io-index"
dependencies = [
 "unic-ucd-version 0.9.0 (registry+https://github.com/rust-lang/crates.io-index)",
]

[[package]]
name = "unic-ucd-normal"
version = "0.9.0"
source = "registry+https://github.com/rust-lang/crates.io-index"
dependencies = [
 "unic-char-property 0.9.0 (registry+https://github.com/rust-lang/crates.io-index)",
 "unic-char-range 0.9.0 (registry+https://github.com/rust-lang/crates.io-index)",
 "unic-ucd-hangul 0.9.0 (registry+https://github.com/rust-lang/crates.io-index)",
 "unic-ucd-version 0.9.0 (registry+https://github.com/rust-lang/crates.io-index)",
]

[[package]]
name = "unic-ucd-version"
version = "0.9.0"
source = "registry+https://github.com/rust-lang/crates.io-index"
dependencies = [
 "unic-common 0.9.0 (registry+https://github.com/rust-lang/crates.io-index)",
]

[[package]]
name = "unicode-segmentation"
version = "1.3.0"
source = "registry+https://github.com/rust-lang/crates.io-index"

[[package]]
name = "unicode_reader"
version = "0.1.1"
source = "registry+https://github.com/rust-lang/crates.io-index"
dependencies = [
 "unicode-segmentation 1.3.0 (registry+https://github.com/rust-lang/crates.io-index)",
]

[[package]]
name = "utf8reader"
version = "0.1.0"
source = "registry+https://github.com/rust-lang/crates.io-index"

[metadata]
"checksum bzip2 0.3.3 (registry+https://github.com/rust-lang/crates.io-index)" = "42b7c3cbf0fa9c1b82308d57191728ca0256cb821220f4e2fd410a72ade26e3b"
"checksum bzip2-sys 0.1.7 (registry+https://github.com/rust-lang/crates.io-index)" = "6584aa36f5ad4c9247f5323b0a42f37802b37a836f0ad87084d7a33961abe25f"
"checksum cc 1.0.37 (registry+https://github.com/rust-lang/crates.io-index)" = "39f75544d7bbaf57560d2168f28fd649ff9c76153874db88bdbdfd839b1a7e7d"
"checksum cfg-if 0.1.9 (registry+https://github.com/rust-lang/crates.io-index)" = "b486ce3ccf7ffd79fdeb678eac06a9e6c09fc88d33836340becb8fffe87c5e33"
"checksum detone 1.0.0 (registry+https://github.com/rust-lang/crates.io-index)" = "f7104c193859c8141dcbb2008bd3d93e581d0fa7bb47b0d9f5e15c89d1b55514"
"checksum encoding_rs 0.8.17 (registry+https://github.com/rust-lang/crates.io-index)" = "4155785c79f2f6701f185eb2e6b4caf0555ec03477cb4c70db67b465311620ed"
"checksum libc 0.2.55 (registry+https://github.com/rust-lang/crates.io-index)" = "42914d39aad277d9e176efbdad68acb1d5443ab65afe0e0e4f0d49352a950880"
"checksum unic-char-property 0.9.0 (registry+https://github.com/rust-lang/crates.io-index)" = "a8c57a407d9b6fa02b4795eb81c5b6652060a15a7903ea981f3d723e6c0be221"
"checksum unic-char-range 0.9.0 (registry+https://github.com/rust-lang/crates.io-index)" = "0398022d5f700414f6b899e10b8348231abf9173fa93144cbc1a43b9793c1fbc"
"checksum unic-common 0.9.0 (registry+https://github.com/rust-lang/crates.io-index)" = "80d7ff825a6a654ee85a63e80f92f054f904f21e7d12da4e22f9834a4aaa35bc"
"checksum unic-normal 0.9.0 (registry+https://github.com/rust-lang/crates.io-index)" = "f09d64d33589a94628bc2aeb037f35c2e25f3f049c7348b5aa5580b48e6bba62"
"checksum unic-ucd-hangul 0.9.0 (registry+https://github.com/rust-lang/crates.io-index)" = "eb1dc690e19010e1523edb9713224cba5ef55b54894fe33424439ec9a40c0054"
"checksum unic-ucd-normal 0.9.0 (registry+https://github.com/rust-lang/crates.io-index)" = "86aed873b8202d22b13859dda5fe7c001d271412c31d411fd9b827e030569410"
"checksum unic-ucd-version 0.9.0 (registry+https://github.com/rust-lang/crates.io-index)" = "96bd2f2237fe450fcd0a1d2f5f4e91711124f7857ba2e964247776ebeeb7b0c4"
"checksum unicode-segmentation 1.3.0 (registry+https://github.com/rust-lang/crates.io-index)" = "1967f4cdfc355b37fd76d2a954fb2ed3871034eb4f26d60537d88795cfc332a9"
"checksum unicode_reader 0.1.1 (registry+https://github.com/rust-lang/crates.io-index)" = "001b27e8f5e9da465b3584051a3a3d2ebefee4f8595c49e96cc1deec9667e4cc"
"checksum utf8reader 0.1.0 (registry+https://github.com/rust-lang/crates.io-index)" = "31add7b376bd6ae962e31fcdd0e7b6ceea137c47edea6ef1eba7ae1ded67cf0c"
